<?xml version="1.0" encoding="utf-8"?>
<Project ToolsVersion="4.0" xmlns="http://schemas.microsoft.com/developer/msbuild/2003">
  <ItemGroup>
    <Filter Include="Headerdateien">
      <UniqueIdentifier>{93995380-89BD-4b04-88EB-625FBE52EBFB}</UniqueIdentifier>
      <Extensions>h;hh;hpp;hxx;h++;hm;inl;inc;ipp;xsd</Extensions>
    </Filter>
    <Filter Include="Ressourcendateien">
      <UniqueIdentifier>{67DA6AB6-F800-4c08-8B7A-83BB121AAD01}</UniqueIdentifier>
      <Extensions>rc;ico;cur;bmp;dlg;rc2;rct;bin;rgs;gif;jpg;jpeg;jpe;resx;tiff;tif;png;wav;mfcribbon-ms</Extensions>
    </Filter>
    <Filter Include="Quelldateien">
      <UniqueIdentifier>{4FC737F1-C7A5-4376-A066-2A32D752A2FF}</UniqueIdentifier>
      <Extensions>cpp;c;cc;cxx;c++;cppm;ixx;def;odl;idl;hpj;bat;asm;asmx</Extensions>
    </Filter>
  </ItemGroup>
  <ItemGroup>
    <ClCompile Include="main.cpp">
      <Filter>Quelldateien</Filter>
    </ClCompile>
  </ItemGroup>
  <ItemGroup>
    <ClInclude Include="lua\lapi.h">
      <Filter>Headerdateien</Filter>
    </ClInclude>
    <ClInclude Include="lua\lauxlib.h">
      <Filter>Headerdateien</Filter>
    </ClInclude>
    <ClInclude Include="lua\lcode.h">
      <Filter>Headerdateien</Filter>
    </ClInclude>
    <ClInclude Include="lua\lctype.h">
      <Filter>Headerdateien</Filter>
    </ClInclude>
    <ClInclude Include="lua\ldebug.h">
      <Filter>Headerdateien</Filter>
    </ClInclude>
    <ClInclude Include="lua\ldo.h">
      <Filter>Headerdateien</Filter>
    </ClInclude>
    <ClInclude Include="lua\lfunc.h">
      <Filter>Headerdateien</Filter>
    </ClInclude>
    <ClInclude Include="lua\lgc.h">
      <Filter>Headerdateien</Filter>
    </ClInclude>
    <ClInclude Include="lua\ljumptab.h">
      <Filter>Headerdateien</Filter>
    </ClInclude>
    <ClInclude Include="lua\llex.h">
      <Filter>Headerdateien</Filter>
    </ClInclude>
    <ClInclude Include="lua\llimits.h">
      <Filter>Headerdateien</Filter>
    </ClInclude>
    <ClInclude Include="lua\lmem.h">
      <Filter>Headerdateien</Filter>
    </ClInclude>
    <ClInclude Include="lua\lobject.h">
      <Filter>Headerdateien</Filter>
    </ClInclude>
    <ClInclude Include="lua\lopcodes.h">
      <Filter>Headerdateien</Filter>
    </ClInclude>
    <ClInclude Include="lua\lopnames.h">
      <Filter>Headerdateien</Filter>
    </ClInclude>
    <ClInclude Include="lua\lparser.h">
      <Filter>Headerdateien</Filter>
    </ClInclude>
    <ClInclude Include="lua\lprefix.h">
      <Filter>Headerdateien</Filter>
    </ClInclude>
    <ClInclude Include="lua\lstate.h">
      <Filter>Headerdateien</Filter>
    </ClInclude>
    <ClInclude Include="lua\lstring.h">
      <Filter>Headerdateien</Filter>
    </ClInclude>
    <ClInclude Include="lua\ltable.h">
      <Filter>Headerdateien</Filter>
    </ClInclude>
    <ClInclude Include="lua\ltm.h">
      <Filter>Headerdateien</Filter>
    </ClInclude>
    <ClInclude Include="lua\lua.h">
      <Filter>Headerdateien</Filter>
    </ClInclude>
    <ClInclude Include="lua\lua.hpp">
      <Filter>Headerdateien</Filter>
    </ClInclude>
    <ClInclude Include="lua\luaconf.h">
      <Filter>Headerdateien</Filter>
    </ClInclude>
    <ClInclude Include="lua\lualib.h">
      <Filter>Headerdateien</Filter>
    </ClInclude>
    <ClInclude Include="lua\lundump.h">
      <Filter>Headerdateien</Filter>
    </ClInclude>
    <ClInclude Include="lua\lvm.h">
      <Filter>Headerdateien</Filter>
    </ClInclude>
    <ClInclude Include="lua\lzio.h">
      <Filter>Headerdateien</Filter>
    </ClInclude>
  </ItemGroup>
</Project>